<?xml version="1.0" encoding="utf-8"?>
<Project ToolsVersion="4.0" xmlns="http://schemas.microsoft.com/developer/msbuild/2003">
  <ItemGroup>
    <Filter Include="源文件">
      <UniqueIdentifier>{4FC737F1-C7A5-4376-A066-2A32D752A2FF}</UniqueIdentifier>
      <Extensions>cpp;c;cc;cxx;def;odl;idl;hpj;bat;asm;asmx</Extensions>
    </Filter>
    <Filter Include="头文件">
      <UniqueIdentifier>{93995380-89BD-4b04-88EB-625FBE52EBFB}</UniqueIdentifier>
      <Extensions>h;hh;hpp;hxx;hm;inl;inc;xsd</Extensions>
    </Filter>
    <Filter Include="资源文件">
      <UniqueIdentifier>{67DA6AB6-F800-4c08-8B7A-83BB121AAD01}</UniqueIdentifier>
      <Extensions>rc;ico;cur;bmp;dlg;rc2;rct;bin;rgs;gif;jpg;jpeg;jpe;resx;tiff;tif;png;wav;mfcribbon-ms</Extensions>
    </Filter>
  </ItemGroup>
  <ItemGroup>
    <ClInclude Include="..\inc\CoreDef.hpp">
      <Filter>头文件</Filter>
    </ClInclude>
    <ClInclude Include="..\inc\GLDef.hpp">
      <Filter>头文件</Filter>
    </ClInclude>
    <ClInclude Include="..\inc\GLFontRender.hpp">
      <Filter>头文件</Filter>
    </ClInclude>
    <ClInclude Include="..\inc\GLProgram.hpp">
      <Filter>头文件</Filter>
    </ClInclude>
    <ClInclude Include="..\inc\ResourceManager.hpp">
      <Filter>头文件</Filter>
    </ClInclude>
    <ClInclude Include="..\inc\TransformationMatrix.hpp">
      <Filter>头文件</Filter>
    </ClInclude>
    <ClInclude Include="..\inc\XiangQi.hpp">
      <Filter>头文件</Filter>
    </ClInclude>
    <ClInclude Include="..\inc\XiangQiChessDef.hpp">
      <Filter>头文件</Filter>
    </ClInclude>
    <ClInclude Include="..\inc\XiangQiDef.hpp">
      <Filter>头文件</Filter>
    </ClInclude>
    <ClInclude Include="..\inc\XiangQiUI.hpp">
      <Filter>头文件</Filter>
    </ClInclude>
    <ClInclude Include="..\inc\XiangQiUIPresetValues.hpp">
      <Filter>头文件</Filter>
    </ClInclude>
    <ClInclude Include="..\inc\XiangQiUIVariables.hpp">
      <Filter>头文件</Filter>
    </ClInclude>
  </ItemGroup>
  <ItemGroup>
    <ClCompile Include="..\src\GLFontRender.cpp">
      <Filter>源文件</Filter>
    </ClCompile>
    <ClCompile Include="..\src\GLProgram.cpp">
      <Filter>源文件</Filter>
    </ClCompile>
    <ClCompile Include="..\src\main.cpp">
      <Filter>源文件</Filter>
    </ClCompile>
    <ClCompile Include="..\src\ResourceManager.cpp">
      <Filter>源文件</Filter>
    </ClCompile>
    <ClCompile Include="..\src\XiangQi.cpp">
      <Filter>源文件</Filter>
    </ClCompile>
    <ClCompile Include="..\src\XiangQiChessDef.cpp">
      <Filter>源文件</Filter>
    </ClCompile>
    <ClCompile Include="..\src\XiangQiDef.cpp">
      <Filter>源文件</Filter>
    </ClCompile>
    <ClCompile Include="..\src\XiangQiUI.cpp">
      <Filter>源文件</Filter>
    </ClCompile>
    <ClCompile Include="..\src\XiangQiUIVariables.cpp">
      <Filter>源文件</Filter>
    </ClCompile>
  </ItemGroup>
</Project>